
Microsoft Visual Studio Solution File, Format Version 12.00
# Visual Studio Version 18
VisualStudioVersion = 18.0.11217.181
MinimumVisualStudioVersion = 10.0.40219.1
Project("{FAE04EC0-301F-11D3-BF4B-00C04F79EFBC}") = "PersonalBlog.Domain", "PersonalBlog.Domain\PersonalBlog.Domain.csproj", "{902069C9-3984-CB6C-BCBA-005468BF2ABB}"
EndProject
Project("{FAE04EC0-301F-11D3-BF4B-00C04F79EFBC}") = "PersonalBlog.Infrastructure", "PersonalBlog.Infrastructure\PersonalBlog.Infrastructure.csproj", "{22089467-7AA2-E809-3171-B2D810EC4CEF}"
EndProject
Project("{FAE04EC0-301F-11D3-BF4B-00C04F79EFBC}") = "PersonalBlog.Application", "PersonalBlog.Application\PersonalBlog.Application.csproj", "{81BBF28F-2F47-1900-1740-EBA39E600021}"
EndProject
Project("{FAE04EC0-301F-11D3-BF4B-00C04F79EFBC}") = "PersonalBlog.WebApi", "PersonalBlog.WebApi\PersonalBlog.WebApi.csproj", "{EA68AFF1-013F-E359-AEC3-75C2130EF102}"
EndProject
Project("{FAE04EC0-301F-11D3-BF4B-00C04F79EFBC}") = "PersonalBlog.Tests", "PersonalBlog.Tests\PersonalBlog.Tests.csproj", "{E9EF55AC-04A3-97E8-AC93-8EEE48CA7BB2}"
EndProject
Project("{FAE04EC0-301F-11D3-BF4B-00C04F79EFBC}") = "PersonalBlog.Infrastructure.Shared", "PersonalBlog.Infrastructure.Shared\PersonalBlog.Infrastructure.Shared.csproj", "{0EF9E50E-64F4-4932-954B-17E402C58CD1}"
EndProject
Global
	GlobalSection(SolutionConfigurationPlatforms) = preSolution
		Debug|Any CPU = Debug|Any CPU
		Release|Any CPU = Release|Any CPU
	EndGlobalSection
	GlobalSection(ProjectConfigurationPlatforms) = postSolution
		{902069C9-3984-CB6C-BCBA-005468BF2ABB}.Debug|Any CPU.ActiveCfg = Debug|Any CPU
		{902069C9-3984-CB6C-BCBA-005468BF2ABB}.Debug|Any CPU.Build.0 = Debug|Any CPU
		{902069C9-3984-CB6C-BCBA-005468BF2ABB}.Release|Any CPU.ActiveCfg = Release|Any CPU
		{902069C9-3984-CB6C-BCBA-005468BF2ABB}.Release|Any CPU.Build.0 = Release|Any CPU
		{22089467-7AA2-E809-3171-B2D810EC4CEF}.Debug|Any CPU.ActiveCfg = Debug|Any CPU
		{22089467-7AA2-E809-3171-B2D810EC4CEF}.Debug|Any CPU.Build.0 = Debug|Any CPU
		{22089467-7AA2-E809-3171-B2D810EC4CEF}.Release|Any CPU.ActiveCfg = Release|Any CPU
		{22089467-7AA2-E809-3171-B2D810EC4CEF}.Release|Any CPU.Build.0 = Release|Any CPU
		{81BBF28F-2F47-1900-1740-EBA39E600021}.Debug|Any CPU.ActiveCfg = Debug|Any CPU
		{81BBF28F-2F47-1900-1740-EBA39E600021}.Debug|Any CPU.Build.0 = Debug|Any CPU
		{81BBF28F-2F47-1900-1740-EBA39E600021}.Release|Any CPU.ActiveCfg = Release|Any CPU
		{81BBF28F-2F47-1900-1740-EBA39E600021}.Release|Any CPU.Build.0 = Release|Any CPU
		{EA68AFF1-013F-E359-AEC3-75C2130EF102}.Debug|Any CPU.ActiveCfg = Debug|Any CPU
		{EA68AFF1-013F-E359-AEC3-75C2130EF102}.Debug|Any CPU.Build.0 = Debug|Any CPU
		{EA68AFF1-013F-E359-AEC3-75C2130EF102}.Release|Any CPU.ActiveCfg = Release|Any CPU
		{EA68AFF1-013F-E359-AEC3-75C2130EF102}.Release|Any CPU.Build.0 = Release|Any CPU
		{E9EF55AC-04A3-97E8-AC93-8EEE48CA7BB2}.Debug|Any CPU.ActiveCfg = Debug|Any CPU
		{E9EF55AC-04A3-97E8-AC93-8EEE48CA7BB2}.Debug|Any CPU.Build.0 = Debug|Any CPU
		{E9EF55AC-04A3-97E8-AC93-8EEE48CA7BB2}.Release|Any CPU.ActiveCfg = Release|Any CPU
		{E9EF55AC-04A3-97E8-AC93-8EEE48CA7BB2}.Release|Any CPU.Build.0 = Release|Any CPU
		{0EF9E50E-64F4-4932-954B-17E402C58CD1}.Debug|Any CPU.ActiveCfg = Debug|Any CPU
		{0EF9E50E-64F4-4932-954B-17E402C58CD1}.Debug|Any CPU.Build.0 = Debug|Any CPU
		{0EF9E50E-64F4-4932-954B-17E402C58CD1}.Release|Any CPU.ActiveCfg = Release|Any CPU
		{0EF9E50E-64F4-4932-954B-17E402C58CD1}.Release|Any CPU.Build.0 = Release|Any CPU
	EndGlobalSection
	GlobalSection(SolutionProperties) = preSolution
		HideSolutionNode = FALSE
	EndGlobalSection
	GlobalSection(ExtensibilityGlobals) = postSolution
		SolutionGuid = {758FF2C5-BF9A-4FD4-AC9E-2FE68F9A0DF4}
	EndGlobalSection
EndGlobal
