
Microsoft Visual Studio Solution File, Format Version 12.00
# Visual Studio Version 17
VisualStudioVersion = 17.2.32630.192
MinimumVisualStudioVersion = 10.0.40219.1
Project("{9A19103F-16F7-4668-BE54-9A1E7A4F7556}") = "PersonalBlog.Data", "PersonelBlog.Data\PersonalBlog.Data.csproj", "{8796ABA4-0987-4404-8170-FA57B5DEE955}"
EndProject
Project("{9A19103F-16F7-4668-BE54-9A1E7A4F7556}") = "PersonalBlog.Web", "PersonalBlog.Web\PersonalBlog.Web.csproj", "{1DC7279C-4167-4127-B7F5-5A53F1077FA3}"
EndProject
Project("{FAE04EC0-301F-11D3-BF4B-00C04F79EFBC}") = "Blog.Business", "Blog.Business\Blog.Business.csproj", "{60828A94-E2AC-4685-B1D5-B17686DF203C}"
EndProject
Global
	GlobalSection(SolutionConfigurationPlatforms) = preSolution
		Debug|Any CPU = Debug|Any CPU
		Release|Any CPU = Release|Any CPU
	EndGlobalSection
	GlobalSection(ProjectConfigurationPlatforms) = postSolution
		{8796ABA4-0987-4404-8170-FA57B5DEE955}.Debug|Any CPU.ActiveCfg = Debug|Any CPU
		{8796ABA4-0987-4404-8170-FA57B5DEE955}.Debug|Any CPU.Build.0 = Debug|Any CPU
		{8796ABA4-0987-4404-8170-FA57B5DEE955}.Release|Any CPU.ActiveCfg = Release|Any CPU
		{8796ABA4-0987-4404-8170-FA57B5DEE955}.Release|Any CPU.Build.0 = Release|Any CPU
		{1DC7279C-4167-4127-B7F5-5A53F1077FA3}.Debug|Any CPU.ActiveCfg = Debug|Any CPU
		{1DC7279C-4167-4127-B7F5-5A53F1077FA3}.Debug|Any CPU.Build.0 = Debug|Any CPU
		{1DC7279C-4167-4127-B7F5-5A53F1077FA3}.Release|Any CPU.ActiveCfg = Release|Any CPU
		{1DC7279C-4167-4127-B7F5-5A53F1077FA3}.Release|Any CPU.Build.0 = Release|Any CPU
		{60828A94-E2AC-4685-B1D5-B17686DF203C}.Debug|Any CPU.ActiveCfg = Debug|Any CPU
		{60828A94-E2AC-4685-B1D5-B17686DF203C}.Debug|Any CPU.Build.0 = Debug|Any CPU
		{60828A94-E2AC-4685-B1D5-B17686DF203C}.Release|Any CPU.ActiveCfg = Release|Any CPU
		{60828A94-E2AC-4685-B1D5-B17686DF203C}.Release|Any CPU.Build.0 = Release|Any CPU
	EndGlobalSection
	GlobalSection(SolutionProperties) = preSolution
		HideSolutionNode = FALSE
	EndGlobalSection
	GlobalSection(ExtensibilityGlobals) = postSolution
		SolutionGuid = {758FF2C5-BF9A-4FD4-AC9E-2FE68F9A0DF4}
	EndGlobalSection
EndGlobal
